
Microsoft Visual Studio Solution File, Format Version 12.00
# Visual Studio Version 17
VisualStudioVersion = 17.4.33103.184
MinimumVisualStudioVersion = 10.0.40219.1
Project("{FAE04EC0-301F-11D3-BF4B-00C04F79EFBC}") = "CefDetector.Net", "CefDetector.Net.csproj", "{392FCB02-6127-49CF-8C7A-04C31AFA2128}"
EndProject
Global
	GlobalSection(SolutionConfigurationPlatforms) = preSolution
		Debug|Any CPU = Debug|Any CPU
		Release|Any CPU = Release|Any CPU
	EndGlobalSection
	GlobalSection(ProjectConfigurationPlatforms) = postSolution
		{392FCB02-6127-49CF-8C7A-04C31AFA2128}.Debug|Any CPU.ActiveCfg = Debug|Any CPU
		{392FCB02-6127-49CF-8C7A-04C31AFA2128}.Debug|Any CPU.Build.0 = Debug|Any CPU
		{392FCB02-6127-49CF-8C7A-04C31AFA2128}.Release|Any CPU.ActiveCfg = Release|Any CPU
		{392FCB02-6127-49CF-8C7A-04C31AFA2128}.Release|Any CPU.Build.0 = Release|Any CPU
	EndGlobalSection
	GlobalSection(SolutionProperties) = preSolution
		HideSolutionNode = FALSE
	EndGlobalSection
	GlobalSection(ExtensibilityGlobals) = postSolution
		SolutionGuid = {93057F90-CA85-486C-92A2-A8A545536FAC}
	EndGlobalSection
EndGlobal
